
Microsoft Visual Studio Solution File, Format Version 12.00
# Visual Studio 2012
Project("{FAE04EC0-301F-11D3-BF4B-00C04F79EFBC}") = "ccmPipeline", "ccmPipeline\ccmPipeline.csproj", "{8173E77F-C321-468B-8D05-F54CA260C7A0}"
EndProject
Project("{FAE04EC0-301F-11D3-BF4B-00C04F79EFBC}") = "ccmTest", "ccmTest\ccmTest.csproj", "{7FFED69D-AE07-43CD-824E-3B0F18613BDC}"
EndProject
Project("{FAE04EC0-301F-11D3-BF4B-00C04F79EFBC}") = "ccm", "ccm\ccm.csproj", "{0822BA92-3BB3-43AF-B76D-C4E46960C2A9}"
EndProject
Project("{FAE04EC0-301F-11D3-BF4B-00C04F79EFBC}") = "ccmContent", "ccmContent\ccmContent.contentproj", "{934BB1B6-54E9-4276-BDB2-A47562B522DB}"
EndProject
Project("{FAE04EC0-301F-11D3-BF4B-00C04F79EFBC}") = "BulletX", "..\lib\MMDX_src\BulletX\BulletX.csproj", "{06C3930B-4405-403F-AECB-43E16A1C17AA}"
EndProject
Project("{FAE04EC0-301F-11D3-BF4B-00C04F79EFBC}") = "MikuMikuDanceCore", "..\lib\MMDX_src\MikuMikuDanceCore\MikuMikuDanceCore.csproj", "{59AF880A-09A9-4884-8208-C36976EDF2B9}"
EndProject
Project("{FAE04EC0-301F-11D3-BF4B-00C04F79EFBC}") = "MikuMikuDanceXNA", "..\lib\MMDX_src\MikuMikuDanceXNA\MikuMikuDanceXNA.csproj", "{E9814344-4640-417C-8269-18363625B229}"
EndProject
Project("{FAE04EC0-301F-11D3-BF4B-00C04F79EFBC}") = "MMDModelLibrary", "..\lib\MMDX_src\MMDModelLibrary\MMDModelLibrary.csproj", "{73B47545-8924-4D77-BADC-593A9F71E372}"
EndProject
Project("{FAE04EC0-301F-11D3-BF4B-00C04F79EFBC}") = "MMDMotionLibrary", "..\lib\MMDX_src\MMDMotionLibrary\MMDMotionLibrary.csproj", "{BA809094-C906-4EC1-B2B0-319E1EE4702A}"
EndProject
Project("{FAE04EC0-301F-11D3-BF4B-00C04F79EFBC}") = "MMDXResource", "..\lib\MMDX_src\MMDXResource\MMDXResource.csproj", "{2E9C1189-52ED-457A-B1B1-7911BC2522F2}"
EndProject
Project("{FAE04EC0-301F-11D3-BF4B-00C04F79EFBC}") = "MMDPipeline", "..\lib\MMDX_src\MMDPipeline\MMDPipeline.csproj", "{D0225B70-1092-47CF-AF40-69516961D775}"
EndProject
Project("{FAE04EC0-301F-11D3-BF4B-00C04F79EFBC}") = "HimaLib", "HimaLib\HimaLib.csproj", "{ABD2BF1E-FCC5-4FA7-9424-B7DCADAD70AE}"
EndProject
Project("{FAE04EC0-301F-11D3-BF4B-00C04F79EFBC}") = "HimaLibTest", "HimaLibTest\HimaLibTest.csproj", "{AC97F11A-C44A-4BBB-8CE8-F68C51B4DC12}"
EndProject
Project("{FAE04EC0-301F-11D3-BF4B-00C04F79EFBC}") = "HimaLibXna", "HimaLibXna\HimaLibXna.csproj", "{A95E8C2D-2388-459D-AD38-5626777D0A21}"
EndProject
Project("{FAE04EC0-301F-11D3-BF4B-00C04F79EFBC}") = "ccmPipelineDebug", "ccmPipelineDebug\ccmPipelineDebug.csproj", "{D6ED1C07-1C10-4E13-8A4E-5AF21DD2FAD0}"
EndProject
Global
	GlobalSection(SolutionConfigurationPlatforms) = preSolution
		Debug|x86 = Debug|x86
		Profile|x86 = Profile|x86
		Release|x86 = Release|x86
	EndGlobalSection
	GlobalSection(ProjectConfigurationPlatforms) = postSolution
		{8173E77F-C321-468B-8D05-F54CA260C7A0}.Debug|x86.ActiveCfg = Debug|x86
		{8173E77F-C321-468B-8D05-F54CA260C7A0}.Debug|x86.Build.0 = Debug|x86
		{8173E77F-C321-468B-8D05-F54CA260C7A0}.Profile|x86.ActiveCfg = Debug|x86
		{8173E77F-C321-468B-8D05-F54CA260C7A0}.Profile|x86.Build.0 = Debug|x86
		{8173E77F-C321-468B-8D05-F54CA260C7A0}.Release|x86.ActiveCfg = Debug|x86
		{8173E77F-C321-468B-8D05-F54CA260C7A0}.Release|x86.Build.0 = Debug|x86
		{7FFED69D-AE07-43CD-824E-3B0F18613BDC}.Debug|x86.ActiveCfg = Debug|x86
		{7FFED69D-AE07-43CD-824E-3B0F18613BDC}.Debug|x86.Build.0 = Debug|x86
		{7FFED69D-AE07-43CD-824E-3B0F18613BDC}.Profile|x86.ActiveCfg = Release|x86
		{7FFED69D-AE07-43CD-824E-3B0F18613BDC}.Profile|x86.Build.0 = Release|x86
		{7FFED69D-AE07-43CD-824E-3B0F18613BDC}.Release|x86.ActiveCfg = Release|x86
		{7FFED69D-AE07-43CD-824E-3B0F18613BDC}.Release|x86.Build.0 = Release|x86
		{0822BA92-3BB3-43AF-B76D-C4E46960C2A9}.Debug|x86.ActiveCfg = Debug|x86
		{0822BA92-3BB3-43AF-B76D-C4E46960C2A9}.Debug|x86.Build.0 = Debug|x86
		{0822BA92-3BB3-43AF-B76D-C4E46960C2A9}.Profile|x86.ActiveCfg = Profile|x86
		{0822BA92-3BB3-43AF-B76D-C4E46960C2A9}.Profile|x86.Build.0 = Profile|x86
		{0822BA92-3BB3-43AF-B76D-C4E46960C2A9}.Release|x86.ActiveCfg = Release|x86
		{0822BA92-3BB3-43AF-B76D-C4E46960C2A9}.Release|x86.Build.0 = Release|x86
		{934BB1B6-54E9-4276-BDB2-A47562B522DB}.Debug|x86.ActiveCfg = Debug|x86
		{934BB1B6-54E9-4276-BDB2-A47562B522DB}.Profile|x86.ActiveCfg = Release|x86
		{934BB1B6-54E9-4276-BDB2-A47562B522DB}.Release|x86.ActiveCfg = Release|x86
		{06C3930B-4405-403F-AECB-43E16A1C17AA}.Debug|x86.ActiveCfg = Debug|x86
		{06C3930B-4405-403F-AECB-43E16A1C17AA}.Debug|x86.Build.0 = Debug|x86
		{06C3930B-4405-403F-AECB-43E16A1C17AA}.Profile|x86.ActiveCfg = Release|x86
		{06C3930B-4405-403F-AECB-43E16A1C17AA}.Profile|x86.Build.0 = Release|x86
		{06C3930B-4405-403F-AECB-43E16A1C17AA}.Release|x86.ActiveCfg = Release|x86
		{06C3930B-4405-403F-AECB-43E16A1C17AA}.Release|x86.Build.0 = Release|x86
		{59AF880A-09A9-4884-8208-C36976EDF2B9}.Debug|x86.ActiveCfg = Debug|x86
		{59AF880A-09A9-4884-8208-C36976EDF2B9}.Debug|x86.Build.0 = Debug|x86
		{59AF880A-09A9-4884-8208-C36976EDF2B9}.Profile|x86.ActiveCfg = Release|x86
		{59AF880A-09A9-4884-8208-C36976EDF2B9}.Profile|x86.Build.0 = Release|x86
		{59AF880A-09A9-4884-8208-C36976EDF2B9}.Release|x86.ActiveCfg = Release|x86
		{59AF880A-09A9-4884-8208-C36976EDF2B9}.Release|x86.Build.0 = Release|x86
		{E9814344-4640-417C-8269-18363625B229}.Debug|x86.ActiveCfg = Debug|x86
		{E9814344-4640-417C-8269-18363625B229}.Debug|x86.Build.0 = Debug|x86
		{E9814344-4640-417C-8269-18363625B229}.Profile|x86.ActiveCfg = Release|x86
		{E9814344-4640-417C-8269-18363625B229}.Profile|x86.Build.0 = Release|x86
		{E9814344-4640-417C-8269-18363625B229}.Release|x86.ActiveCfg = Release|x86
		{E9814344-4640-417C-8269-18363625B229}.Release|x86.Build.0 = Release|x86
		{73B47545-8924-4D77-BADC-593A9F71E372}.Debug|x86.ActiveCfg = Debug|x86
		{73B47545-8924-4D77-BADC-593A9F71E372}.Debug|x86.Build.0 = Debug|x86
		{73B47545-8924-4D77-BADC-593A9F71E372}.Profile|x86.ActiveCfg = Release|x86
		{73B47545-8924-4D77-BADC-593A9F71E372}.Profile|x86.Build.0 = Release|x86
		{73B47545-8924-4D77-BADC-593A9F71E372}.Release|x86.ActiveCfg = Release|x86
		{73B47545-8924-4D77-BADC-593A9F71E372}.Release|x86.Build.0 = Release|x86
		{BA809094-C906-4EC1-B2B0-319E1EE4702A}.Debug|x86.ActiveCfg = Debug|x86
		{BA809094-C906-4EC1-B2B0-319E1EE4702A}.Debug|x86.Build.0 = Debug|x86
		{BA809094-C906-4EC1-B2B0-319E1EE4702A}.Profile|x86.ActiveCfg = Release|x86
		{BA809094-C906-4EC1-B2B0-319E1EE4702A}.Profile|x86.Build.0 = Release|x86
		{BA809094-C906-4EC1-B2B0-319E1EE4702A}.Release|x86.ActiveCfg = Release|x86
		{BA809094-C906-4EC1-B2B0-319E1EE4702A}.Release|x86.Build.0 = Release|x86
		{2E9C1189-52ED-457A-B1B1-7911BC2522F2}.Debug|x86.ActiveCfg = Debug|x86
		{2E9C1189-52ED-457A-B1B1-7911BC2522F2}.Debug|x86.Build.0 = Debug|x86
		{2E9C1189-52ED-457A-B1B1-7911BC2522F2}.Profile|x86.ActiveCfg = Release|x86
		{2E9C1189-52ED-457A-B1B1-7911BC2522F2}.Profile|x86.Build.0 = Release|x86
		{2E9C1189-52ED-457A-B1B1-7911BC2522F2}.Release|x86.ActiveCfg = Release|x86
		{2E9C1189-52ED-457A-B1B1-7911BC2522F2}.Release|x86.Build.0 = Release|x86
		{D0225B70-1092-47CF-AF40-69516961D775}.Debug|x86.ActiveCfg = Debug|x86
		{D0225B70-1092-47CF-AF40-69516961D775}.Debug|x86.Build.0 = Debug|x86
		{D0225B70-1092-47CF-AF40-69516961D775}.Profile|x86.ActiveCfg = Debug|x86
		{D0225B70-1092-47CF-AF40-69516961D775}.Profile|x86.Build.0 = Debug|x86
		{D0225B70-1092-47CF-AF40-69516961D775}.Release|x86.ActiveCfg = Debug|x86
		{D0225B70-1092-47CF-AF40-69516961D775}.Release|x86.Build.0 = Debug|x86
		{ABD2BF1E-FCC5-4FA7-9424-B7DCADAD70AE}.Debug|x86.ActiveCfg = Debug|x86
		{ABD2BF1E-FCC5-4FA7-9424-B7DCADAD70AE}.Debug|x86.Build.0 = Debug|x86
		{ABD2BF1E-FCC5-4FA7-9424-B7DCADAD70AE}.Profile|x86.ActiveCfg = Profile|x86
		{ABD2BF1E-FCC5-4FA7-9424-B7DCADAD70AE}.Profile|x86.Build.0 = Profile|x86
		{ABD2BF1E-FCC5-4FA7-9424-B7DCADAD70AE}.Release|x86.ActiveCfg = Release|x86
		{ABD2BF1E-FCC5-4FA7-9424-B7DCADAD70AE}.Release|x86.Build.0 = Release|x86
		{AC97F11A-C44A-4BBB-8CE8-F68C51B4DC12}.Debug|x86.ActiveCfg = Debug|x86
		{AC97F11A-C44A-4BBB-8CE8-F68C51B4DC12}.Debug|x86.Build.0 = Debug|x86
		{AC97F11A-C44A-4BBB-8CE8-F68C51B4DC12}.Profile|x86.ActiveCfg = Release|x86
		{AC97F11A-C44A-4BBB-8CE8-F68C51B4DC12}.Profile|x86.Build.0 = Release|x86
		{AC97F11A-C44A-4BBB-8CE8-F68C51B4DC12}.Release|x86.ActiveCfg = Release|x86
		{AC97F11A-C44A-4BBB-8CE8-F68C51B4DC12}.Release|x86.Build.0 = Release|x86
		{A95E8C2D-2388-459D-AD38-5626777D0A21}.Debug|x86.ActiveCfg = Debug|x86
		{A95E8C2D-2388-459D-AD38-5626777D0A21}.Debug|x86.Build.0 = Debug|x86
		{A95E8C2D-2388-459D-AD38-5626777D0A21}.Profile|x86.ActiveCfg = Profile|x86
		{A95E8C2D-2388-459D-AD38-5626777D0A21}.Profile|x86.Build.0 = Profile|x86
		{A95E8C2D-2388-459D-AD38-5626777D0A21}.Release|x86.ActiveCfg = Release|x86
		{A95E8C2D-2388-459D-AD38-5626777D0A21}.Release|x86.Build.0 = Release|x86
		{D6ED1C07-1C10-4E13-8A4E-5AF21DD2FAD0}.Debug|x86.ActiveCfg = Debug|x86
		{D6ED1C07-1C10-4E13-8A4E-5AF21DD2FAD0}.Debug|x86.Build.0 = Debug|x86
		{D6ED1C07-1C10-4E13-8A4E-5AF21DD2FAD0}.Profile|x86.ActiveCfg = Release|x86
		{D6ED1C07-1C10-4E13-8A4E-5AF21DD2FAD0}.Profile|x86.Build.0 = Release|x86
		{D6ED1C07-1C10-4E13-8A4E-5AF21DD2FAD0}.Release|x86.ActiveCfg = Release|x86
		{D6ED1C07-1C10-4E13-8A4E-5AF21DD2FAD0}.Release|x86.Build.0 = Release|x86
	EndGlobalSection
	GlobalSection(SolutionProperties) = preSolution
		HideSolutionNode = FALSE
	EndGlobalSection
EndGlobal
